// !$*UTF8*$!
{
	archiveVersion = 1;
	classes = {
	};
	objectVersion = 46;
	objects = {

/* Begin PBXBuildFile section */
		81F83836DB489C2A93758B87 /* libPods-Grammyplus.a in Frameworks */ = {isa = PBXBuildFile; fileRef = 7177C31C916D755D378CF57B /* libPods-Grammyplus.a */; };
		BE5D8C851BFDB7F1009671BF /* ios-9_4_thumb800.jpg in Resources */ = {isa = PBXBuildFile; fileRef = BE5D8C841BFDB7F1009671BF /* ios-9_4_thumb800.jpg */; };
		BED570FA1BFDB4CD00B24D95 /* main.m in Sources */ = {isa = PBXBuildFile; fileRef = BED570F91BFDB4CD00B24D95 /* main.m */; };
		BED570FD1BFDB4CD00B24D95 /* AppDelegate.m in Sources */ = {isa = PBXBuildFile; fileRef = BED570FC1BFDB4CD00B24D95 /* AppDelegate.m */; };
		BED571001BFDB4CD00B24D95 /* ViewController.m in Sources */ = {isa = PBXBuildFile; fileRef = BED570FF1BFDB4CD00B24D95 /* ViewController.m */; };
		BED571031BFDB4CD00B24D95 /* Main.storyboard in Resources */ = {isa = PBXBuildFile; fileRef = BED571011BFDB4CD00B24D95 /* Main.storyboard */; };
		BED571051BFDB4CD00B24D95 /* Assets.xcassets in Resources */ = {isa = PBXBuildFile; fileRef = BED571041BFDB4CD00B24D95 /* Assets.xcassets */; };
		BED571081BFDB4CD00B24D95 /* LaunchScreen.storyboard in Resources */ = {isa = PBXBuildFile; fileRef = BED571061BFDB4CD00B24D95 /* LaunchScreen.storyboard */; };
/* End PBXBuildFile section */

/* Begin PBXFileReference section */
		128507DDC420172AFE0E6F70 /* Pods-Grammyplus.debug.xcconfig */ = {isa = PBXFileReference; includeInIndex = 1; lastKnownFileType = text.xcconfig; name = "Pods-Grammyplus.debug.xcconfig"; path = "Pods/Target Support Files/Pods-Grammyplus/Pods-Grammyplus.debug.xcconfig"; sourceTree = "<group>"; };
		7177C31C916D755D378CF57B /* libPods-Grammyplus.a */ = {isa = PBXFileReference; explicitFileType = archive.ar; includeInIndex = 0; path = "libPods-Grammyplus.a"; sourceTree = BUILT_PRODUCTS_DIR; };
		BE5D8C841BFDB7F1009671BF /* ios-9_4_thumb800.jpg */ = {isa = PBXFileReference; lastKnownFileType = image.jpeg; path = "ios-9_4_thumb800.jpg"; sourceTree = "<group>"; };
		BED570F51BFDB4CD00B24D95 /* Grammyplus.app */ = {isa = PBXFileReference; explicitFileType = wrapper.application; includeInIndex = 0; path = Grammyplus.app; sourceTree = BUILT_PRODUCTS_DIR; };
		BED570F91BFDB4CD00B24D95 /* main.m */ = {isa = PBXFileReference; lastKnownFileType = sourcecode.c.objc; path = main.m; sourceTree = "<group>"; };
		BED570FB1BFDB4CD00B24D95 /* AppDelegate.h */ = {isa = PBXFileReference; lastKnownFileType = sourcecode.c.h; path = AppDelegate.h; sourceTree = "<group>"; };
		BED570FC1BFDB4CD00B24D95 /* AppDelegate.m */ = {isa = PBXFileReference; lastKnownFileType = sourcecode.c.objc; path = AppDelegate.m; sourceTree = "<group>"; };
		BED570FE1BFDB4CD00B24D95 /* ViewController.h */ = {isa = PBXFileReference; lastKnownFileType = sourcecode.c.h; path = ViewController.h; sourceTree = "<group>"; };
		BED570FF1BFDB4CD00B24D95 /* ViewController.m */ = {isa = PBXFileReference; lastKnownFileType = sourcecode.c.objc; path = ViewController.m; sourceTree = "<group>"; };
		BED571021BFDB4CD00B24D95 /* Base */ = {isa = PBXFileReference; lastKnownFileType = file.storyboard; name = Base; path = Base.lproj/Main.storyboard; sourceTree = "<group>"; };
		BED571041BFDB4CD00B24D95 /* Assets.xcassets */ = {isa = PBXFileReference; lastKnownFileType = folder.assetcatalog; path = Assets.xcassets; sourceTree = "<group>"; };
		BED571071BFDB4CD00B24D95 /* Base */ = {isa = PBXFileReference; lastKnownFileType = file.storyboard; name = Base; path = Base.lproj/LaunchScreen.storyboard; sourceTree = "<group>"; };
		BED571091BFDB4CD00B24D95 /* Info.plist */ = {isa = PBXFileReference; lastKnownFileType = text.plist.xml; path = Info.plist; sourceTree = "<group>"; };
		C45FE3B7A32D21959AA3D704 /* Pods-Grammyplus.release.xcconfig */ = {isa = PBXFileReference; includeInIndex = 1; lastKnownFileType = text.xcconfig; name = "Pods-Grammyplus.release.xcconfig"; path = "Pods/Target Support Files/Pods-Grammyplus/Pods-Grammyplus.release.xcconfig"; sourceTree = "<group>"; };
/* End PBXFileReference section */

/* Begin PBXFrameworksBuildPhase section */
		BED570F21BFDB4CD00B24D95 /* Frameworks */ = {
			isa = PBXFrameworksBuildPhase;
			buildActionMask = 2147483647;
			files = (
				81F83836DB489C2A93758B87 /* libPods-Grammyplus.a in Frameworks */,
			);
			runOnlyForDeploymentPostprocessing = 0;
		};
/* End PBXFrameworksBuildPhase section */

/* Begin PBXGroup section */
		06B7C0D0EB8B74BF210FAD9D /* Pods */ = {
			isa = PBXGroup;
			children = (
				128507DDC420172AFE0E6F70 /* Pods-Grammyplus.debug.xcconfig */,
				C45FE3B7A32D21959AA3D704 /* Pods-Grammyplus.release.xcconfig */,
			);
			name = Pods;
			sourceTree = "<group>";
		};
		BED570EC1BFDB4CD00B24D95 = {
			isa = PBXGroup;
			children = (
				BED570F71BFDB4CD00B24D95 /* Grammyplus */,
				BED570F61BFDB4CD00B24D95 /* Products */,
				06B7C0D0EB8B74BF210FAD9D /* Pods */,
				C6BFE253E19AD99137A9165E /* Frameworks */,
			);
			sourceTree = "<group>";
		};
		BED570F61BFDB4CD00B24D95 /* Products */ = {
			isa = PBXGroup;
			children = (
				BED570F51BFDB4CD00B24D95 /* Grammyplus.app */,
			);
			name = Products;
			sourceTree = "<group>";
		};
		BED570F71BFDB4CD00B24D95 /* Grammyplus */ = {
			isa = PBXGroup;
			children = (
				BED570FB1BFDB4CD00B24D95 /* AppDelegate.h */,
				BED570FC1BFDB4CD00B24D95 /* AppDelegate.m */,
				BED570FE1BFDB4CD00B24D95 /* ViewController.h */,
				BED570FF1BFDB4CD00B24D95 /* ViewController.m */,
				BED571011BFDB4CD00B24D95 /* Main.storyboard */,
				BED571041BFDB4CD00B24D95 /* Assets.xcassets */,
				BED571061BFDB4CD00B24D95 /* LaunchScreen.storyboard */,
				BED571091BFDB4CD00B24D95 /* Info.plist */,
				BED570F81BFDB4CD00B24D95 /* Supporting Files */,
			);
			path = Grammyplus;
			sourceTree = "<group>";
		};
		BED570F81BFDB4CD00B24D95 /* Supporting Files */ = {
			isa = PBXGroup;
			children = (
				BE5D8C841BFDB7F1009671BF /* ios-9_4_thumb800.jpg */,
				BED570F91BFDB4CD00B24D95 /* main.m */,
			);
			name = "Supporting Files";
			sourceTree = "<group>";
		};
		C6BFE253E19AD99137A9165E /* Frameworks */ = {
			isa = PBXGroup;
			children = (
				7177C31C916D755D378CF57B /* libPods-Grammyplus.a */,
			);
			name = Frameworks;
			sourceTree = "<group>";
		};
/* End PBXGroup section */

/* Begin PBXNativeTarget section */
		BED570F41BFDB4CD00B24D95 /* Grammyplus */ = {
			isa = PBXNativeTarget;
			buildConfigurationList = BED5710C1BFDB4CD00B24D95 /* Build configuration list for PBXNativeTarget "Grammyplus" */;
			buildPhases = (
				11A1BF2E952F3BCFE4230FB3 /* Check Pods Manifest.lock */,
				BED570F11BFDB4CD00B24D95 /* Sources */,
				BED570F21BFDB4CD00B24D95 /* Frameworks */,
				BED570F31BFDB4CD00B24D95 /* Resources */,
				D78440B27F39301785AB70B1 /* Embed Pods Frameworks */,
				8993BBFDD1DDBD57F251000A /* Copy Pods Resources */,
			);
			buildRules = (
			);
			dependencies = (
			);
			name = Grammyplus;
			productName = Grammyplus;
			productReference = BED570F51BFDB4CD00B24D95 /* Grammyplus.app */;
			productType = "com.apple.product-type.application";
		};
/* End PBXNativeTarget section */

/* Begin PBXProject section */
		BED570ED1BFDB4CD00B24D95 /* Project object */ = {
			isa = PBXProject;
			attributes = {
				LastUpgradeCheck = 0710;
				ORGANIZATIONNAME = "Hello World Corporation";
				TargetAttributes = {
					BED570F41BFDB4CD00B24D95 = {
						CreatedOnToolsVersion = 7.1;
						DevelopmentTeam = TQ3Q56S533;
					};
				};
			};
			buildConfigurationList = BED570F01BFDB4CD00B24D95 /* Build configuration list for PBXProject "Grammyplus" */;
			compatibilityVersion = "Xcode 3.2";
			developmentRegion = English;
			hasScannedForEncodings = 0;
			knownRegions = (
				en,
				Base,
			);
			mainGroup = BED570EC1BFDB4CD00B24D95;
			productRefGroup = BED570F61BFDB4CD00B24D95 /* Products */;
			projectDirPath = "";
			projectRoot = "";
			targets = (
				BED570F41BFDB4CD00B24D95 /* Grammyplus */,
			);
		};
/* End PBXProject section */

/* Begin PBXResourcesBuildPhase section */
		BED570F31BFDB4CD00B24D95 /* Resources */ = {
			isa = PBXResourcesBuildPhase;
			buildActionMask = 2147483647;
			files = (
				BED571081BFDB4CD00B24D95 /* LaunchScreen.storyboard in Resources */,
				BED571051BFDB4CD00B24D95 /* Assets.xcassets in Resources */,
				BE5D8C851BFDB7F1009671BF /* ios-9_4_thumb800.jpg in Resources */,
				BED571031BFDB4CD00B24D95 /* Main.storyboard in Resources */,
			);
			runOnlyForDeploymentPostprocessing = 0;
		};
/* End PBXResourcesBuildPhase section */

/* Begin PBXShellScriptBuildPhase section */
		11A1BF2E952F3BCFE4230FB3 /* Check Pods Manifest.lock */ = {
			isa = PBXShellScriptBuildPhase;
			buildActionMask = 2147483647;
			files = (
			);
			inputPaths = (
			);
			name = "Check Pods Manifest.lock";
			outputPaths = (
			);
			runOnlyForDeploymentPostprocessing = 0;
			shellPath = /bin/sh;
			shellScript = "diff \"${PODS_ROOT}/../Podfile.lock\" \"${PODS_ROOT}/Manifest.lock\" > /dev/null\nif [[ $? != 0 ]] ; then\n    cat << EOM\nerror: The sandbox is not in sync with the Podfile.lock. Run 'pod install' or update your CocoaPods installation.\nEOM\n    exit 1\nfi\n";
			showEnvVarsInLog = 0;
		};
		8993BBFDD1DDBD57F251000A /* Copy Pods Resources */ = {
			isa = PBXShellScriptBuildPhase;
			buildActionMask = 2147483647;
			files = (
			);
			inputPaths = (
			);
			name = "Copy Pods Resources";
			outputPaths = (
			);
			runOnlyForDeploymentPostprocessing = 0;
			shellPath = /bin/sh;
			shellScript = "\"${SRCROOT}/Pods/Target Support Files/Pods-Grammyplus/Pods-Grammyplus-resources.sh\"\n";
			showEnvVarsInLog = 0;
		};
		D78440B27F39301785AB70B1 /* Embed Pods Frameworks */ = {
			isa = PBXShellScriptBuildPhase;
			buildActionMask = 2147483647;
			files = (
			);
			inputPaths = (
			);
			name = "Embed Pods Frameworks";
			outputPaths = (
			);
			runOnlyForDeploymentPostprocessing = 0;
			shellPath = /bin/sh;
			shellScript = "\"${SRCROOT}/Pods/Target Support Files/Pods-Grammyplus/Pods-Grammyplus-frameworks.sh\"\n";
			showEnvVarsInLog = 0;
		};
/* End PBXShellScriptBuildPhase section */

/* Begin PBXSourcesBuildPhase section */
		BED570F11BFDB4CD00B24D95 /* Sources */ = {
			isa = PBXSourcesBuildPhase;
			buildActionMask = 2147483647;
			files = (
				BED571001BFDB4CD00B24D95 /* ViewController.m in Sources */,
				BED570FD1BFDB4CD00B24D95 /* AppDelegate.m in Sources */,
				BED570FA1BFDB4CD00B24D95 /* main.m in Sources */,
			);
			runOnlyForDeploymentPostprocessing = 0;
		};
/* End PBXSourcesBuildPhase section */

/* Begin PBXVariantGroup section */
		BED571011BFDB4CD00B24D95 /* Main.storyboard */ = {
			isa = PBXVariantGroup;
			children = (
				BED571021BFDB4CD00B24D95 /* Base */,
			);
			name = Main.storyboard;
			sourceTree = "<group>";
		};
		BED571061BFDB4CD00B24D95 /* LaunchScreen.storyboard */ = {
			isa = PBXVariantGroup;
			children = (
				BED571071BFDB4CD00B24D95 /* Base */,
			);
			name = LaunchScreen.storyboard;
			sourceTree = "<group>";
		};
/* End PBXVariantGroup section */

/* Begin XCBuildConfiguration section */
		BED5710A1BFDB4CD00B24D95 /* Debug */ = {
			isa = XCBuildConfiguration;
			buildSettings = {
				ALWAYS_SEARCH_USER_PATHS = NO;
				CLANG_CXX_LANGUAGE_STANDARD = "gnu++0x";
				CLANG_CXX_LIBRARY = "libc++";
				CLANG_ENABLE_MODULES = YES;
				CLANG_ENABLE_OBJC_ARC = YES;
				CLANG_WARN_BOOL_CONVERSION = YES;
				CLANG_WARN_CONSTANT_CONVERSION = YES;
				CLANG_WARN_DIRECT_OBJC_ISA_USAGE = YES_ERROR;
				CLANG_WARN_EMPTY_BODY = YES;
				CLANG_WARN_ENUM_CONVERSION = YES;
				CLANG_WARN_INT_CONVERSION = YES;
				CLANG_WARN_OBJC_ROOT_CLASS = YES_ERROR;
				CLANG_WARN_UNREACHABLE_CODE = YES;
				CLANG_WARN__DUPLICATE_METHOD_MATCH = YES;
				"CODE_SIGN_IDENTITY[sdk=iphoneos*]" = "iPhone Developer";
				COPY_PHASE_STRIP = NO;
				DEBUG_INFORMATION_FORMAT = dwarf;
				ENABLE_STRICT_OBJC_MSGSEND = YES;
				ENABLE_TESTABILITY = YES;
				GCC_C_LANGUAGE_STANDARD = gnu99;
				GCC_DYNAMIC_NO_PIC = NO;
				GCC_NO_COMMON_BLOCKS = YES;
				GCC_OPTIMIZATION_LEVEL = 0;
				GCC_PREPROCESSOR_DEFINITIONS = (
					"DEBUG=1",
					"$(inherited)",
				);
				GCC_WARN_64_TO_32_BIT_CONVERSION = YES;
				GCC_WARN_ABOUT_RETURN_TYPE = YES_ERROR;
				GCC_WARN_UNDECLARED_SELECTOR = YES;
				GCC_WARN_UNINITIALIZED_AUTOS = YES_AGGRESSIVE;
				GCC_WARN_UNUSED_FUNCTION = YES;
				GCC_WARN_UNUSED_VARIABLE = YES;
				IPHONEOS_DEPLOYMENT_TARGET = 9.1;
				MTL_ENABLE_DEBUG_INFO = YES;
				ONLY_ACTIVE_ARCH = YES;
				SDKROOT = iphoneos;
				TARGETED_DEVICE_FAMILY = "1,2";
			};
			name = Debug;
		};
		BED5710B1BFDB4CD00B24D95 /* Release */ = {
			isa = XCBuildConfiguration;
			buildSettings = {
				ALWAYS_SEARCH_USER_PATHS = NO;
				CLANG_CXX_LANGUAGE_STANDARD = "gnu++0x";
				CLANG_CXX_LIBRARY = "libc++";
				CLANG_ENABLE_MODULES = YES;
				CLANG_ENABLE_OBJC_ARC = YES;
				CLANG_WARN_BOOL_CONVERSION = YES;
				CLANG_WARN_CONSTANT_CONVERSION = YES;
				CLANG_WARN_DIRECT_OBJC_ISA_USAGE = YES_ERROR;
				CLANG_WARN_EMPTY_BODY = YES;
				CLANG_WARN_ENUM_CONVERSION = YES;
				CLANG_WARN_INT_CONVERSION = YES;
				CLANG_WARN_OBJC_ROOT_CLASS = YES_ERROR;
				CLANG_WARN_UNREACHABLE_CODE = YES;
				CLANG_WARN__DUPLICATE_METHOD_MATCH = YES;
				"CODE_SIGN_IDENTITY[sdk=iphoneos*]" = "iPhone Developer";
				COPY_PHASE_STRIP = NO;
				DEBUG_INFORMATION_FORMAT = "dwarf-with-dsym";
				ENABLE_NS_ASSERTIONS = NO;
				ENABLE_STRICT_OBJC_MSGSEND = YES;
				GCC_C_LANGUAGE_STANDARD = gnu99;
				GCC_NO_COMMON_BLOCKS = YES;
				GCC_WARN_64_TO_32_BIT_CONVERSION = YES;
				GCC_WARN_ABOUT_RETURN_TYPE = YES_ERROR;
				GCC_WARN_UNDECLARED_SELECTOR = YES;
				GCC_WARN_UNINITIALIZED_AUTOS = YES_AGGRESSIVE;
				GCC_WARN_UNUSED_FUNCTION = YES;
				GCC_WARN_UNUSED_VARIABLE = YES;
				IPHONEOS_DEPLOYMENT_TARGET = 9.1;
				MTL_ENABLE_DEBUG_INFO = NO;
				SDKROOT = iphoneos;
				TARGETED_DEVICE_FAMILY = "1,2";
				VALIDATE_PRODUCT = YES;
			};
			name = Release;
		};
		BED5710D1BFDB4CD00B24D95 /* Debug */ = {
			isa = XCBuildConfiguration;
			baseConfigurationReference = 128507DDC420172AFE0E6F70 /* Pods-Grammyplus.debug.xcconfig */;
			buildSettings = {
				ASSETCATALOG_COMPILER_APPICON_NAME = AppIcon;
				INFOPLIST_FILE = Grammyplus/Info.plist;
				LD_RUNPATH_SEARCH_PATHS = "$(inherited) @executable_path/Frameworks";
				PRODUCT_BUNDLE_IDENTIFIER = Home.Grammyplus;
				PRODUCT_NAME = "$(TARGET_NAME)";
			};
			name = Debug;
		};
		BED5710E1BFDB4CD00B24D95 /* Release */ = {
			isa = XCBuildConfiguration;
			baseConfigurationReference = C45FE3B7A32D21959AA3D704 /* Pods-Grammyplus.release.xcconfig */;
			buildSettings = {
				ASSETCATALOG_COMPILER_APPICON_NAME = AppIcon;
				INFOPLIST_FILE = Grammyplus/Info.plist;
				LD_RUNPATH_SEARCH_PATHS = "$(inherited) @executable_path/Frameworks";
				PRODUCT_BUNDLE_IDENTIFIER = Home.Grammyplus;
				PRODUCT_NAME = "$(TARGET_NAME)";
			};
			name = Release;
		};
/* End XCBuildConfiguration section */

/* Begin XCConfigurationList section */
		BED570F01BFDB4CD00B24D95 /* Build configuration list for PBXProject "Grammyplus" */ = {
			isa = XCConfigurationList;
			buildConfigurations = (
				BED5710A1BFDB4CD00B24D95 /* Debug */,
				BED5710B1BFDB4CD00B24D95 /* Release */,
			);
			defaultConfigurationIsVisible = 0;
			defaultConfigurationName = Release;
		};
		BED5710C1BFDB4CD00B24D95 /* Build configuration list for PBXNativeTarget "Grammyplus" */ = {
			isa = XCConfigurationList;
			buildConfigurations = (
				BED5710D1BFDB4CD00B24D95 /* Debug */,
				BED5710E1BFDB4CD00B24D95 /* Release */,
			);
			defaultConfigurationIsVisible = 0;
			defaultConfigurationName = Release;
		};
/* End XCConfigurationList section */
	};
	rootObject = BED570ED1BFDB4CD00B24D95 /* Project object */;
}
